{
  "nodes": {
    "authorized-keys": {
      "flake": false,
      "locked": {
        "narHash": "sha256-aXBWyrsESfck6jNlOP8/FK+qCgRIT+LE37J8Q8hZgpM=",
        "type": "file",
        "url": "https://github.com/InternetUnexplorer.keys"
      },
      "original": {
        "type": "file",
        "url": "https://github.com/InternetUnexplorer.keys"
      }
    },
    "discord-overlay": {
      "flake": false,
      "locked": {
        "lastModified": 1710543658,
        "narHash": "sha256-2oQupacKdZZA9qahyrqQziqAGugjdtM95BXRnm1M0U8=",
        "owner": "InternetUnexplorer",
        "repo": "discord-overlay",
        "rev": "bba5be82e7600c3748f414598380fe24beeeaf93",
        "type": "github"
      },
      "original": {
        "owner": "InternetUnexplorer",
        "repo": "discord-overlay",
        "type": "github"
      }
    },
    "nix-channel-watcher": {
      "flake": false,
      "locked": {
        "lastModified": 1632447899,
        "narHash": "sha256-ewD5SVD3eXzIDGCTuIMxutUOAHTQ1DoHnnCsTkVgDZg=",
        "owner": "InternetUnexplorer",
        "repo": "nix-channel-watcher",
        "rev": "e903de3aed320d39322d1df42f56c8c8e5fdeca9",
        "type": "github"
      },
      "original": {
        "owner": "InternetUnexplorer",
        "repo": "nix-channel-watcher",
        "type": "github"
      }
    },
    "nixpkgs": {
      "locked": {
        "lastModified": 1710451336,
        "narHash": "sha256-pP86Pcfu3BrAvRO7R64x7hs+GaQrjFes+mEPowCfkxY=",
        "owner": "nixos",
        "repo": "nixpkgs",
        "rev": "d691274a972b3165335d261cc4671335f5c67de9",
        "type": "github"
      },
      "original": {
        "owner": "nixos",
        "ref": "nixos-unstable",
        "repo": "nixpkgs",
        "type": "github"
      }
    },
    "oobot": {
      "flake": false,
      "locked": {
        "lastModified": 1674115000,
        "narHash": "sha256-kmtlSOYr2n9Ds3uWQQyqJCWKGPh/6g1/Ht241W7djlY=",
        "owner": "InternetUnexplorer",
        "repo": "oobot",
        "rev": "2365f9ba21b69b95fda59f166aa60ecff8af6cdf",
        "type": "github"
      },
      "original": {
        "owner": "InternetUnexplorer",
        "repo": "oobot",
        "type": "github"
      }
    },
    "root": {
      "inputs": {
        "authorized-keys": "authorized-keys",
        "discord-overlay": "discord-overlay",
        "nix-channel-watcher": "nix-channel-watcher",
        "nixpkgs": "nixpkgs",
        "oobot": "oobot"
      }
    }
  },
  "root": "root",
  "version": 7
}
