{
  "nodes": {
    "discord-overlay": {
      "flake": false,
      "locked": {
        "lastModified": 1726853443,
        "narHash": "sha256-CYcrcRRG70Ftmalnq8r2cdbmCyS30bCuVbA3W3x19Mc=",
        "owner": "InternetUnexplorer",
        "repo": "discord-overlay",
        "rev": "532130dddd11303223125567b6c9966a9fc9cd9b",
        "type": "github"
      },
      "original": {
        "owner": "InternetUnexplorer",
        "repo": "discord-overlay",
        "type": "github"
      }
    },
    "nix-channel-watcher": {
      "flake": false,
      "locked": {
        "lastModified": 1632447899,
        "narHash": "sha256-ewD5SVD3eXzIDGCTuIMxutUOAHTQ1DoHnnCsTkVgDZg=",
        "owner": "InternetUnexplorer",
        "repo": "nix-channel-watcher",
        "rev": "e903de3aed320d39322d1df42f56c8c8e5fdeca9",
        "type": "github"
      },
      "original": {
        "owner": "InternetUnexplorer",
        "repo": "nix-channel-watcher",
        "type": "github"
      }
    },
    "nixpkgs": {
      "locked": {
        "lastModified": 1726755586,
        "narHash": "sha256-PmUr/2GQGvFTIJ6/Tvsins7Q43KTMvMFhvG6oaYK+Wk=",
        "owner": "nixos",
        "repo": "nixpkgs",
        "rev": "c04d5652cfa9742b1d519688f65d1bbccea9eb7e",
        "type": "github"
      },
      "original": {
        "owner": "nixos",
        "ref": "nixos-unstable",
        "repo": "nixpkgs",
        "type": "github"
      }
    },
    "oobot": {
      "flake": false,
      "locked": {
        "lastModified": 1726203474,
        "narHash": "sha256-B6meogED/ohxGpZz7+Jc+uFtcxLzeVdq4Lcc94vOFKQ=",
        "owner": "InternetUnexplorer",
        "repo": "oobot",
        "rev": "0a5dfc4e23a287efdf2aed70b61b5bbd47de0685",
        "type": "github"
      },
      "original": {
        "owner": "InternetUnexplorer",
        "repo": "oobot",
        "type": "github"
      }
    },
    "root": {
      "inputs": {
        "discord-overlay": "discord-overlay",
        "nix-channel-watcher": "nix-channel-watcher",
        "nixpkgs": "nixpkgs",
        "oobot": "oobot"
      }
    }
  },
  "root": "root",
  "version": 7
}
