{
  "nodes": {
    "discord-overlay": {
      "flake": false,
      "locked": {
        "lastModified": 1765571426,
        "narHash": "sha256-EJRF8OX9ZF6yTeOkKu7ApKjuA0reRclPxYyu9QpUQ2s=",
        "owner": "InternetUnexplorer",
        "repo": "discord-overlay",
        "rev": "198bb4ee887259f82a3ff199242c619808b5e7bd",
        "type": "github"
      },
      "original": {
        "owner": "InternetUnexplorer",
        "repo": "discord-overlay",
        "type": "github"
      }
    },
    "nix-channel-watcher": {
      "flake": false,
      "locked": {
        "lastModified": 1632447899,
        "narHash": "sha256-ewD5SVD3eXzIDGCTuIMxutUOAHTQ1DoHnnCsTkVgDZg=",
        "owner": "InternetUnexplorer",
        "repo": "nix-channel-watcher",
        "rev": "e903de3aed320d39322d1df42f56c8c8e5fdeca9",
        "type": "github"
      },
      "original": {
        "owner": "InternetUnexplorer",
        "repo": "nix-channel-watcher",
        "type": "github"
      }
    },
    "nixpkgs": {
      "locked": {
        "lastModified": 1765472234,
        "narHash": "sha256-9VvC20PJPsleGMewwcWYKGzDIyjckEz8uWmT0vCDYK0=",
        "owner": "nixos",
        "repo": "nixpkgs",
        "rev": "2fbfb1d73d239d2402a8fe03963e37aab15abe8b",
        "type": "github"
      },
      "original": {
        "owner": "nixos",
        "ref": "nixos-unstable",
        "repo": "nixpkgs",
        "type": "github"
      }
    },
    "oobot": {
      "flake": false,
      "locked": {
        "lastModified": 1726203474,
        "narHash": "sha256-B6meogED/ohxGpZz7+Jc+uFtcxLzeVdq4Lcc94vOFKQ=",
        "owner": "InternetUnexplorer",
        "repo": "oobot",
        "rev": "0a5dfc4e23a287efdf2aed70b61b5bbd47de0685",
        "type": "github"
      },
      "original": {
        "owner": "InternetUnexplorer",
        "repo": "oobot",
        "type": "github"
      }
    },
    "root": {
      "inputs": {
        "discord-overlay": "discord-overlay",
        "nix-channel-watcher": "nix-channel-watcher",
        "nixpkgs": "nixpkgs",
        "oobot": "oobot"
      }
    }
  },
  "root": "root",
  "version": 7
}
